
Microsoft Visual Studio Solution File, Format Version 12.00
# Visual Studio Version 17
VisualStudioVersion = 17.14.37012.4 d17.14
MinimumVisualStudioVersion = 10.0.40219.1
Project("{FAE04EC0-301F-11D3-BF4B-00C04F79EFBC}") = "Buoi2", "Buoi2\Buoi2.csproj", "{8AD16D73-B40E-4F75-845A-28A5CA5D54F9}"
EndProject
Global
	GlobalSection(SolutionConfigurationPlatforms) = preSolution
		Debug|Any CPU = Debug|Any CPU
		Release|Any CPU = Release|Any CPU
	EndGlobalSection
	GlobalSection(ProjectConfigurationPlatforms) = postSolution
		{8AD16D73-B40E-4F75-845A-28A5CA5D54F9}.Debug|Any CPU.ActiveCfg = Debug|Any CPU
		{8AD16D73-B40E-4F75-845A-28A5CA5D54F9}.Debug|Any CPU.Build.0 = Debug|Any CPU
		{8AD16D73-B40E-4F75-845A-28A5CA5D54F9}.Release|Any CPU.ActiveCfg = Release|Any CPU
		{8AD16D73-B40E-4F75-845A-28A5CA5D54F9}.Release|Any CPU.Build.0 = Release|Any CPU
	EndGlobalSection
	GlobalSection(SolutionProperties) = preSolution
		HideSolutionNode = FALSE
	EndGlobalSection
	GlobalSection(ExtensibilityGlobals) = postSolution
		SolutionGuid = {762C55CB-04E0-4034-828C-4F4D7442D031}
	EndGlobalSection
EndGlobal
